{
  "nodes": {
    "alejandra": {
      "inputs": {
        "fenix": "fenix",
        "flakeCompat": "flakeCompat",
        "nixpkgs": [
          "nixpkgs"
        ]
      },
      "locked": {
        "lastModified": 1660592807,
        "narHash": "sha256-7ZQWA/SJfgvSSoxPf2ukXLpcZ8Vj9XKdMtPhazb4p3c=",
        "owner": "kamadorueda",
        "repo": "alejandra",
        "rev": "91d4a0b00cde34758260c824fab0eabcc2f5c77c",
        "type": "github"
      },
      "original": {
        "owner": "kamadorueda",
        "repo": "alejandra",
        "type": "github"
      }
    },
    "alejandra_2": {
      "inputs": {
        "flakeCompat": "flakeCompat_2",
        "nixpkgs": [
          "ash-scripts",
          "nixpkgs"
        ]
      },
      "locked": {
        "lastModified": 1652974241,
        "narHash": "sha256-0AolxQtKj3Oek0WSbODDpPVO5Ih8PXHOA3qXEKPB4dQ=",
        "owner": "kamadorueda",
        "repo": "alejandra",
        "rev": "0be1462419fc73270a5dc0f84f8092603890b029",
        "type": "github"
      },
      "original": {
        "owner": "kamadorueda",
        "repo": "alejandra",
        "type": "github"
      }
    },
    "alejandra_3": {
      "inputs": {
        "fenix": "fenix_2",
        "flakeCompat": "flakeCompat_3",
        "nixpkgs": [
          "lsd",
          "nixpkgs"
        ]
      },
      "locked": {
        "lastModified": 1658427149,
        "narHash": "sha256-ToD/1z/q5VHsLMrS2h96vjJoLho59eNRtknOUd19ey8=",
        "owner": "kamadorueda",
        "repo": "alejandra",
        "rev": "f5a22afd2adfb249b4e68e0b33aa1f0fb73fb1be",
        "type": "github"
      },
      "original": {
        "owner": "kamadorueda",
        "repo": "alejandra",
        "type": "github"
      }
    },
    "alejandra_4": {
      "inputs": {
        "flakeCompat": "flakeCompat_4",
        "nixpkgs": [
          "wired",
          "nixpkgs"
        ]
      },
      "locked": {
        "lastModified": 1652974241,
        "narHash": "sha256-0AolxQtKj3Oek0WSbODDpPVO5Ih8PXHOA3qXEKPB4dQ=",
        "owner": "kamadorueda",
        "repo": "alejandra",
        "rev": "0be1462419fc73270a5dc0f84f8092603890b029",
        "type": "github"
      },
      "original": {
        "owner": "kamadorueda",
        "repo": "alejandra",
        "type": "github"
      }
    },
    "archive": {
      "inputs": {
        "nixpkgs": [
          "nixpkgs"
        ]
      },
      "locked": {
        "lastModified": 1653261072,
        "narHash": "sha256-nMb8WnaQBCNrtfRW9IZyFZov1jmKn8rW6fIppKvtC1o=",
        "owner": "signalwalker",
        "repo": "internet-archive.nix",
        "rev": "b44c3030bc42bb6e59dfd8970fd7317975a3444c",
        "type": "github"
      },
      "original": {
        "owner": "signalwalker",
        "repo": "internet-archive.nix",
        "type": "github"
      }
    },
    "ash-scripts": {
      "inputs": {
        "alejandra": "alejandra_2",
        "mozilla": [
          "mozilla"
        ],
        "naersk": "naersk",
        "nixpkgs": [
          "nixpkgs"
        ]
      },
      "locked": {
        "lastModified": 1661957846,
        "narHash": "sha256-tyvXgbxL41+A4LQ2ZX6V1e0swotZOtMXftu8tyMPTsY=",
        "owner": "signalwalker",
        "repo": "scripts-rs",
        "rev": "0f2dd3950dd65c59466214267a17b4e8c5fbe5c2",
        "type": "github"
      },
      "original": {
        "owner": "signalwalker",
        "repo": "scripts-rs",
        "type": "github"
      }
    },
    "crane": {
      "inputs": {
        "flake-compat": "flake-compat",
        "flake-utils": "flake-utils",
        "nixpkgs": [
          "lsd",
          "nixpkgs"
        ]
      },
      "locked": {
        "lastModified": 1659394552,
        "narHash": "sha256-wf5jVtj/RZ0awr34Jeyl1dbpKWqszsTXbJFehboEm4w=",
        "owner": "ipetkov",
        "repo": "crane",
        "rev": "57448afcec5880a7d770857b4de4cfbe90808d8e",
        "type": "github"
      },
      "original": {
        "owner": "ipetkov",
        "repo": "crane",
        "type": "github"
      }
    },
    "direnv": {
      "flake": false,
      "locked": {
        "lastModified": 1662732628,
        "narHash": "sha256-1Tg+HYc2dhEM4Huh3ynj3wEPMiDqDxZaLvJqMwv1CN0=",
        "owner": "direnv",
        "repo": "direnv",
        "rev": "b57a363beea1f365a5fe63164e268a0b119f8411",
        "type": "github"
      },
      "original": {
        "owner": "direnv",
        "repo": "direnv",
        "type": "github"
      }
    },
    "fenix": {
      "inputs": {
        "nixpkgs": [
          "alejandra",
          "nixpkgs"
        ],
        "rust-analyzer-src": "rust-analyzer-src"
      },
      "locked": {
        "lastModified": 1657607339,
        "narHash": "sha256-HaqoAwlbVVZH2n4P3jN2FFPMpVuhxDy1poNOR7kzODc=",
        "owner": "nix-community",
        "repo": "fenix",
        "rev": "b814c83d9e6aa5a28d0cf356ecfdafb2505ad37d",
        "type": "github"
      },
      "original": {
        "owner": "nix-community",
        "repo": "fenix",
        "type": "github"
      }
    },
    "fenix_2": {
      "inputs": {
        "nixpkgs": [
          "lsd",
          "alejandra",
          "nixpkgs"
        ],
        "rust-analyzer-src": "rust-analyzer-src_2"
      },
      "locked": {
        "lastModified": 1657607339,
        "narHash": "sha256-HaqoAwlbVVZH2n4P3jN2FFPMpVuhxDy1poNOR7kzODc=",
        "owner": "nix-community",
        "repo": "fenix",
        "rev": "b814c83d9e6aa5a28d0cf356ecfdafb2505ad37d",
        "type": "github"
      },
      "original": {
        "owner": "nix-community",
        "repo": "fenix",
        "type": "github"
      }
    },
    "fenix_3": {
      "inputs": {
        "nixpkgs": [
          "statix",
          "nixpkgs"
        ],
        "rust-analyzer-src": "rust-analyzer-src_3"
      },
      "locked": {
        "lastModified": 1645251813,
        "narHash": "sha256-cQ66tGjnZclBCS3nD26mZ5fUH+3/HnysGffBiWXUSHk=",
        "owner": "nix-community",
        "repo": "fenix",
        "rev": "9892337b588c38ec59466a1c89befce464aae7f8",
        "type": "github"
      },
      "original": {
        "owner": "nix-community",
        "repo": "fenix",
        "type": "github"
      }
    },
    "flake-compat": {
      "flake": false,
      "locked": {
        "lastModified": 1650374568,
        "narHash": "sha256-Z+s0J8/r907g149rllvwhb4pKi8Wam5ij0st8PwAh+E=",
        "owner": "edolstra",
        "repo": "flake-compat",
        "rev": "b4a34015c698c7793d592d66adbab377907a2be8",
        "type": "github"
      },
      "original": {
        "owner": "edolstra",
        "repo": "flake-compat",
        "type": "github"
      }
    },
    "flake-utils": {
      "locked": {
        "lastModified": 1656928814,
        "narHash": "sha256-RIFfgBuKz6Hp89yRr7+NR5tzIAbn52h8vT6vXkYjZoM=",
        "owner": "numtide",
        "repo": "flake-utils",
        "rev": "7e2a3b3dfd9af950a856d66b0a7d01e3c18aa249",
        "type": "github"
      },
      "original": {
        "owner": "numtide",
        "repo": "flake-utils",
        "type": "github"
      }
    },
    "flake-utils_2": {
      "locked": {
        "lastModified": 1659877975,
        "narHash": "sha256-zllb8aq3YO3h8B/U0/J1WBgAL8EX5yWf5pMj3G0NAmc=",
        "owner": "numtide",
        "repo": "flake-utils",
        "rev": "c0e246b9b83f637f4681389ecabcb2681b4f3af0",
        "type": "github"
      },
      "original": {
        "owner": "numtide",
        "repo": "flake-utils",
        "type": "github"
      }
    },
    "flake-utils_3": {
      "locked": {
        "lastModified": 1659877975,
        "narHash": "sha256-zllb8aq3YO3h8B/U0/J1WBgAL8EX5yWf5pMj3G0NAmc=",
        "owner": "numtide",
        "repo": "flake-utils",
        "rev": "c0e246b9b83f637f4681389ecabcb2681b4f3af0",
        "type": "github"
      },
      "original": {
        "owner": "numtide",
        "repo": "flake-utils",
        "type": "github"
      }
    },
    "flake-utils_4": {
      "locked": {
        "lastModified": 1656928814,
        "narHash": "sha256-RIFfgBuKz6Hp89yRr7+NR5tzIAbn52h8vT6vXkYjZoM=",
        "owner": "numtide",
        "repo": "flake-utils",
        "rev": "7e2a3b3dfd9af950a856d66b0a7d01e3c18aa249",
        "type": "github"
      },
      "original": {
        "owner": "numtide",
        "repo": "flake-utils",
        "type": "github"
      }
    },
    "flakeCompat": {
      "flake": false,
      "locked": {
        "lastModified": 1650374568,
        "narHash": "sha256-Z+s0J8/r907g149rllvwhb4pKi8Wam5ij0st8PwAh+E=",
        "owner": "edolstra",
        "repo": "flake-compat",
        "rev": "b4a34015c698c7793d592d66adbab377907a2be8",
        "type": "github"
      },
      "original": {
        "owner": "edolstra",
        "repo": "flake-compat",
        "type": "github"
      }
    },
    "flakeCompat_2": {
      "flake": false,
      "locked": {
        "lastModified": 1648199409,
        "narHash": "sha256-JwPKdC2PoVBkG6E+eWw3j6BMR6sL3COpYWfif7RVb8Y=",
        "owner": "edolstra",
        "repo": "flake-compat",
        "rev": "64a525ee38886ab9028e6f61790de0832aa3ef03",
        "type": "github"
      },
      "original": {
        "owner": "edolstra",
        "repo": "flake-compat",
        "type": "github"
      }
    },
    "flakeCompat_3": {
      "flake": false,
      "locked": {
        "lastModified": 1650374568,
        "narHash": "sha256-Z+s0J8/r907g149rllvwhb4pKi8Wam5ij0st8PwAh+E=",
        "owner": "edolstra",
        "repo": "flake-compat",
        "rev": "b4a34015c698c7793d592d66adbab377907a2be8",
        "type": "github"
      },
      "original": {
        "owner": "edolstra",
        "repo": "flake-compat",
        "type": "github"
      }
    },
    "flakeCompat_4": {
      "flake": false,
      "locked": {
        "lastModified": 1648199409,
        "narHash": "sha256-JwPKdC2PoVBkG6E+eWw3j6BMR6sL3COpYWfif7RVb8Y=",
        "owner": "edolstra",
        "repo": "flake-compat",
        "rev": "64a525ee38886ab9028e6f61790de0832aa3ef03",
        "type": "github"
      },
      "original": {
        "owner": "edolstra",
        "repo": "flake-compat",
        "type": "github"
      }
    },
    "gitignore": {
      "inputs": {
        "nixpkgs": [
          "statix",
          "nixpkgs"
        ]
      },
      "locked": {
        "lastModified": 1635165013,
        "narHash": "sha256-o/BdVjNwcB6jOmzZjOH703BesSkkS5O7ej3xhyO8hAY=",
        "owner": "hercules-ci",
        "repo": "gitignore.nix",
        "rev": "5b9e0ff9d3b551234b4f3eb3983744fa354b17f1",
        "type": "github"
      },
      "original": {
        "owner": "hercules-ci",
        "repo": "gitignore.nix",
        "type": "github"
      }
    },
    "home-manager": {
      "inputs": {
        "nixpkgs": [
          "nixpkgs"
        ],
        "utils": "utils"
      },
      "locked": {
        "lastModified": 1663328500,
        "narHash": "sha256-7n+J/exp8ky4dmk02y5a9R7CGmJvHpzrHMzfEkMtSWA=",
        "owner": "nix-community",
        "repo": "home-manager",
        "rev": "5427f3d1f0ea4357cd4af0bffee7248d640c6ffc",
        "type": "github"
      },
      "original": {
        "owner": "nix-community",
        "repo": "home-manager",
        "type": "github"
      }
    },
    "lowdown-src": {
      "flake": false,
      "locked": {
        "lastModified": 1633514407,
        "narHash": "sha256-Dw32tiMjdK9t3ETl5fzGrutQTzh2rufgZV4A/BbxuD4=",
        "owner": "kristapsdz",
        "repo": "lowdown",
        "rev": "d2c2b44ff6c27b936ec27358a2653caaef8f73b8",
        "type": "github"
      },
      "original": {
        "owner": "kristapsdz",
        "repo": "lowdown",
        "type": "github"
      }
    },
    "lsd": {
      "inputs": {
        "alejandra": "alejandra_3",
        "crane": "crane",
        "nixpkgs": [
          "nixpkgs"
        ]
      },
      "locked": {
        "lastModified": 1659552314,
        "narHash": "sha256-I13ENBYbjprWqiboQisHtqTT5gQFhhbD7Dny5PL65UY=",
        "owner": "SignalWalker",
        "repo": "lsd",
        "rev": "9745e8a8fc960bdc40195cf592f23508cf60db36",
        "type": "github"
      },
      "original": {
        "owner": "SignalWalker",
        "repo": "lsd",
        "type": "github"
      }
    },
    "mozilla": {
      "locked": {
        "lastModified": 1657214286,
        "narHash": "sha256-rO/4oymKXU09wG2bcTt4uthPCp1XsBZjxuCJo3yVXNs=",
        "owner": "mozilla",
        "repo": "nixpkgs-mozilla",
        "rev": "0508a66e28a5792fdfb126bbf4dec1029c2509e0",
        "type": "github"
      },
      "original": {
        "owner": "mozilla",
        "repo": "nixpkgs-mozilla",
        "type": "github"
      }
    },
    "naersk": {
      "inputs": {
        "nixpkgs": [
          "ash-scripts",
          "nixpkgs"
        ]
      },
      "locked": {
        "lastModified": 1652722411,
        "narHash": "sha256-FxzNgYiH9c91hUVAntcjrqY//KOTUPP2a4e8Wyuysxg=",
        "owner": "nix-community",
        "repo": "naersk",
        "rev": "94beb7a3edfeb3bcda65fa3f2ebc48ec6b40bf72",
        "type": "github"
      },
      "original": {
        "owner": "nix-community",
        "repo": "naersk",
        "type": "github"
      }
    },
    "naersk_2": {
      "inputs": {
        "nixpkgs": [
          "rnix-lsp",
          "nixpkgs"
        ]
      },
      "locked": {
        "lastModified": 1655042882,
        "narHash": "sha256-9BX8Fuez5YJlN7cdPO63InoyBy7dm3VlJkkmTt6fS1A=",
        "owner": "nix-community",
        "repo": "naersk",
        "rev": "cddffb5aa211f50c4b8750adbec0bbbdfb26bb9f",
        "type": "github"
      },
      "original": {
        "owner": "nix-community",
        "repo": "naersk",
        "type": "github"
      }
    },
    "naersk_3": {
      "inputs": {
        "nixpkgs": [
          "wired",
          "nixpkgs"
        ]
      },
      "locked": {
        "lastModified": 1652722411,
        "narHash": "sha256-FxzNgYiH9c91hUVAntcjrqY//KOTUPP2a4e8Wyuysxg=",
        "owner": "nix-community",
        "repo": "naersk",
        "rev": "94beb7a3edfeb3bcda65fa3f2ebc48ec6b40bf72",
        "type": "github"
      },
      "original": {
        "owner": "nix-community",
        "repo": "naersk",
        "type": "github"
      }
    },
    "neovim": {
      "inputs": {
        "flake-utils": "flake-utils_2",
        "nixpkgs": [
          "nixpkgs"
        ]
      },
      "locked": {
        "dir": "contrib",
        "lastModified": 1663402671,
        "narHash": "sha256-16myWLN5LJzkiyNM/7Th1E4Hfp2v3VVzmXEpEXWonac=",
        "owner": "neovim",
        "repo": "neovim",
        "rev": "3c3f3e7353ba2cb9071183cd05036ca2a98d3672",
        "type": "github"
      },
      "original": {
        "dir": "contrib",
        "owner": "neovim",
        "repo": "neovim",
        "type": "github"
      }
    },
    "nix": {
      "inputs": {
        "lowdown-src": "lowdown-src",
        "nixpkgs": [
          "nixpkgs"
        ],
        "nixpkgs-regression": "nixpkgs-regression"
      },
      "locked": {
        "lastModified": 1663254620,
        "narHash": "sha256-qCV65kw09AG+EkdchDPq7RoeBznX0Q6Qa4yzPqobdOk=",
        "owner": "nixos",
        "repo": "nix",
        "rev": "eb9ce5f27bd83afff63f151406b497eab6e90a1a",
        "type": "github"
      },
      "original": {
        "owner": "nixos",
        "ref": "latest-release",
        "repo": "nix",
        "type": "github"
      }
    },
    "nix-direnv": {
      "inputs": {
        "flake-utils": "flake-utils_3",
        "nixpkgs": [
          "nixpkgs"
        ]
      },
      "locked": {
        "lastModified": 1662891751,
        "narHash": "sha256-suGE4+Zr3YkoauwIk7Fj8d6qKIN6NG4UkdzTDiAHtgQ=",
        "owner": "nix-community",
        "repo": "nix-direnv",
        "rev": "b203bb430076c987898957b6a4579afb1af0750e",
        "type": "github"
      },
      "original": {
        "owner": "nix-community",
        "repo": "nix-direnv",
        "type": "github"
      }
    },
    "nixpkgs": {
      "locked": {
        "lastModified": 1663372752,
        "narHash": "sha256-HxP/vZFDD/5Q9VEyX3VmsnCnm7vsH4IX6j/xE/+IVkc=",
        "owner": "nixos",
        "repo": "nixpkgs",
        "rev": "d9a1414346059619d9e13ab93e749bbb82e5252a",
        "type": "github"
      },
      "original": {
        "owner": "nixos",
        "ref": "nixpkgs-unstable",
        "repo": "nixpkgs",
        "type": "github"
      }
    },
    "nixpkgs-regression": {
      "locked": {
        "lastModified": 1643052045,
        "narHash": "sha256-uGJ0VXIhWKGXxkeNnq4TvV3CIOkUJ3PAoLZ3HMzNVMw=",
        "owner": "NixOS",
        "repo": "nixpkgs",
        "rev": "215d4d0fd80ca5163643b03a33fde804a29cc1e2",
        "type": "github"
      },
      "original": {
        "owner": "NixOS",
        "repo": "nixpkgs",
        "rev": "215d4d0fd80ca5163643b03a33fde804a29cc1e2",
        "type": "github"
      }
    },
    "nvimpager": {
      "inputs": {
        "flake-utils": "flake-utils_4",
        "neovim": [
          "neovim"
        ],
        "nixpkgs": [
          "nixpkgs"
        ]
      },
      "locked": {
        "lastModified": 1659553277,
        "narHash": "sha256-e9IMC2EBeHx8kqsBi4hPRfVf9Anh0IxeDaCcuvDHFFA=",
        "owner": "lucc",
        "repo": "nvimpager",
        "rev": "f6acac255efce347fd755f2c9c2b0b9aa120d271",
        "type": "github"
      },
      "original": {
        "owner": "lucc",
        "repo": "nvimpager",
        "type": "github"
      }
    },
    "polybar-scripts": {
      "flake": false,
      "locked": {
        "lastModified": 1661890459,
        "narHash": "sha256-FRPqfmJzYoSJVDl7vLMoV+u3bFxIOt3x7mFRYayGkdc=",
        "owner": "polybar",
        "repo": "polybar-scripts",
        "rev": "2bab52d038b56887ec00d4907fea9e3a0411dd09",
        "type": "github"
      },
      "original": {
        "owner": "polybar",
        "repo": "polybar-scripts",
        "type": "github"
      }
    },
    "rnix-lsp": {
      "inputs": {
        "naersk": "naersk_2",
        "nixpkgs": [
          "nixpkgs"
        ],
        "utils": "utils_2"
      },
      "locked": {
        "lastModified": 1663380950,
        "narHash": "sha256-OKLyIXIXhUnRB3Xw+7zI3u6XkwF7Mrbfz1XaasV6i7Q=",
        "owner": "nix-community",
        "repo": "rnix-lsp",
        "rev": "6925256babec4307479a4080b44f2be38056f210",
        "type": "github"
      },
      "original": {
        "owner": "nix-community",
        "repo": "rnix-lsp",
        "type": "github"
      }
    },
    "root": {
      "inputs": {
        "alejandra": "alejandra",
        "archive": "archive",
        "ash-scripts": "ash-scripts",
        "direnv": "direnv",
        "home-manager": "home-manager",
        "lsd": "lsd",
        "mozilla": "mozilla",
        "neovim": "neovim",
        "nix": "nix",
        "nix-direnv": "nix-direnv",
        "nixpkgs": "nixpkgs",
        "nvimpager": "nvimpager",
        "polybar-scripts": "polybar-scripts",
        "rnix-lsp": "rnix-lsp",
        "statix": "statix",
        "wired": "wired"
      }
    },
    "rust-analyzer-src": {
      "flake": false,
      "locked": {
        "lastModified": 1657557289,
        "narHash": "sha256-PRW+nUwuqNTRAEa83SfX+7g+g8nQ+2MMbasQ9nt6+UM=",
        "owner": "rust-lang",
        "repo": "rust-analyzer",
        "rev": "caf23f29144b371035b864a1017dbc32573ad56d",
        "type": "github"
      },
      "original": {
        "owner": "rust-lang",
        "ref": "nightly",
        "repo": "rust-analyzer",
        "type": "github"
      }
    },
    "rust-analyzer-src_2": {
      "flake": false,
      "locked": {
        "lastModified": 1657557289,
        "narHash": "sha256-PRW+nUwuqNTRAEa83SfX+7g+g8nQ+2MMbasQ9nt6+UM=",
        "owner": "rust-lang",
        "repo": "rust-analyzer",
        "rev": "caf23f29144b371035b864a1017dbc32573ad56d",
        "type": "github"
      },
      "original": {
        "owner": "rust-lang",
        "ref": "nightly",
        "repo": "rust-analyzer",
        "type": "github"
      }
    },
    "rust-analyzer-src_3": {
      "flake": false,
      "locked": {
        "lastModified": 1645205556,
        "narHash": "sha256-e4lZW3qRyOEJ+vLKFQP7m2Dxh5P44NrnekZYLxlucww=",
        "owner": "rust-analyzer",
        "repo": "rust-analyzer",
        "rev": "acf5874b39f3dc5262317a6074d9fc7285081161",
        "type": "github"
      },
      "original": {
        "owner": "rust-analyzer",
        "ref": "nightly",
        "repo": "rust-analyzer",
        "type": "github"
      }
    },
    "statix": {
      "inputs": {
        "fenix": "fenix_3",
        "gitignore": "gitignore",
        "nixpkgs": [
          "nixpkgs"
        ]
      },
      "locked": {
        "lastModified": 1657460333,
        "narHash": "sha256-5o6zMBASEsGKtjKDb3SizJnN9A7qpOcbzWBXsacfMyc=",
        "owner": "nerdypepper",
        "repo": "statix",
        "rev": "6422c959d365dee2fda5eda8858fefad31f17b25",
        "type": "github"
      },
      "original": {
        "owner": "nerdypepper",
        "repo": "statix",
        "type": "github"
      }
    },
    "utils": {
      "locked": {
        "lastModified": 1659877975,
        "narHash": "sha256-zllb8aq3YO3h8B/U0/J1WBgAL8EX5yWf5pMj3G0NAmc=",
        "owner": "numtide",
        "repo": "flake-utils",
        "rev": "c0e246b9b83f637f4681389ecabcb2681b4f3af0",
        "type": "github"
      },
      "original": {
        "owner": "numtide",
        "repo": "flake-utils",
        "type": "github"
      }
    },
    "utils_2": {
      "locked": {
        "lastModified": 1656928814,
        "narHash": "sha256-RIFfgBuKz6Hp89yRr7+NR5tzIAbn52h8vT6vXkYjZoM=",
        "owner": "numtide",
        "repo": "flake-utils",
        "rev": "7e2a3b3dfd9af950a856d66b0a7d01e3c18aa249",
        "type": "github"
      },
      "original": {
        "owner": "numtide",
        "repo": "flake-utils",
        "type": "github"
      }
    },
    "utils_3": {
      "locked": {
        "lastModified": 1652776076,
        "narHash": "sha256-gzTw/v1vj4dOVbpBSJX4J0DwUR6LIyXo7/SuuTJp1kM=",
        "owner": "numtide",
        "repo": "flake-utils",
        "rev": "04c1b180862888302ddfb2e3ad9eaa63afc60cf8",
        "type": "github"
      },
      "original": {
        "owner": "numtide",
        "repo": "flake-utils",
        "type": "github"
      }
    },
    "wired": {
      "inputs": {
        "alejandra": "alejandra_4",
        "naersk": "naersk_3",
        "nixpkgs": [
          "nixpkgs"
        ],
        "utils": "utils_3"
      },
      "locked": {
        "lastModified": 1660441826,
        "narHash": "sha256-JF6pG997ygEOQmvmH4oYyksdIZlWRaZi4AJtLLNcYfI=",
        "owner": "Toqozz",
        "repo": "wired-notify",
        "rev": "a91ba83f314a6922858436828befa3b07ffea323",
        "type": "github"
      },
      "original": {
        "owner": "Toqozz",
        "repo": "wired-notify",
        "type": "github"
      }
    }
  },
  "root": "root",
  "version": 7
}
