{
  "nodes": {
    "alejandra": {
      "inputs": {
        "fenix": "fenix",
        "flakeCompat": "flakeCompat",
        "nixpkgs": [
          "nixpkgs"
        ]
      },
      "locked": {
        "lastModified": 1660081732,
        "narHash": "sha256-opZOTOq0TBs2BS41/t0F00n7Ni1bu112UsQIN9SnwEs=",
        "owner": "kamadorueda",
        "repo": "alejandra",
        "rev": "1c3fdf5b60cf431ed7c13dcb76771b0b73593ada",
        "type": "github"
      },
      "original": {
        "owner": "kamadorueda",
        "repo": "alejandra",
        "type": "github"
      }
    },
    "alejandra_2": {
      "inputs": {
        "flakeCompat": "flakeCompat_2",
        "nixpkgs": [
          "ash-scripts",
          "nixpkgs"
        ]
      },
      "locked": {
        "lastModified": 1652974241,
        "narHash": "sha256-0AolxQtKj3Oek0WSbODDpPVO5Ih8PXHOA3qXEKPB4dQ=",
        "owner": "kamadorueda",
        "repo": "alejandra",
        "rev": "0be1462419fc73270a5dc0f84f8092603890b029",
        "type": "github"
      },
      "original": {
        "owner": "kamadorueda",
        "repo": "alejandra",
        "type": "github"
      }
    },
    "alejandra_3": {
      "inputs": {
        "fenix": "fenix_2",
        "flakeCompat": "flakeCompat_3",
        "nixpkgs": [
          "lsd",
          "nixpkgs"
        ]
      },
      "locked": {
        "lastModified": 1658427149,
        "narHash": "sha256-ToD/1z/q5VHsLMrS2h96vjJoLho59eNRtknOUd19ey8=",
        "owner": "kamadorueda",
        "repo": "alejandra",
        "rev": "f5a22afd2adfb249b4e68e0b33aa1f0fb73fb1be",
        "type": "github"
      },
      "original": {
        "owner": "kamadorueda",
        "repo": "alejandra",
        "type": "github"
      }
    },
    "alejandra_4": {
      "inputs": {
        "flakeCompat": "flakeCompat_4",
        "nixpkgs": [
          "modloader64",
          "nixpkgs"
        ]
      },
      "locked": {
        "lastModified": 1652974241,
        "narHash": "sha256-0AolxQtKj3Oek0WSbODDpPVO5Ih8PXHOA3qXEKPB4dQ=",
        "owner": "kamadorueda",
        "repo": "alejandra",
        "rev": "0be1462419fc73270a5dc0f84f8092603890b029",
        "type": "github"
      },
      "original": {
        "owner": "kamadorueda",
        "repo": "alejandra",
        "type": "github"
      }
    },
    "alejandra_5": {
      "inputs": {
        "flakeCompat": "flakeCompat_5",
        "nixpkgs": [
          "wired",
          "nixpkgs"
        ]
      },
      "locked": {
        "lastModified": 1652974241,
        "narHash": "sha256-0AolxQtKj3Oek0WSbODDpPVO5Ih8PXHOA3qXEKPB4dQ=",
        "owner": "kamadorueda",
        "repo": "alejandra",
        "rev": "0be1462419fc73270a5dc0f84f8092603890b029",
        "type": "github"
      },
      "original": {
        "owner": "kamadorueda",
        "repo": "alejandra",
        "type": "github"
      }
    },
    "archive": {
      "inputs": {
        "nixpkgs": [
          "nixpkgs"
        ]
      },
      "locked": {
        "lastModified": 1653261072,
        "narHash": "sha256-nMb8WnaQBCNrtfRW9IZyFZov1jmKn8rW6fIppKvtC1o=",
        "owner": "signalwalker",
        "repo": "internet-archive.nix",
        "rev": "b44c3030bc42bb6e59dfd8970fd7317975a3444c",
        "type": "github"
      },
      "original": {
        "owner": "signalwalker",
        "repo": "internet-archive.nix",
        "type": "github"
      }
    },
    "ash-scripts": {
      "inputs": {
        "alejandra": "alejandra_2",
        "mozilla": [
          "mozilla"
        ],
        "naersk": "naersk",
        "nixpkgs": [
          "nixpkgs"
        ]
      },
      "locked": {
        "lastModified": 1659739493,
        "narHash": "sha256-Ddiv1cfR7Vnk0Y3qDL/lRpHCfgXg4MtnHkOWFu0R2CY=",
        "owner": "signalwalker",
        "repo": "scripts-rs",
        "rev": "feea2db6639af38bb793e2a911563c6a366cd4b9",
        "type": "github"
      },
      "original": {
        "owner": "signalwalker",
        "repo": "scripts-rs",
        "type": "github"
      }
    },
    "crane": {
      "inputs": {
        "flake-compat": "flake-compat",
        "flake-utils": "flake-utils",
        "nixpkgs": [
          "lsd",
          "nixpkgs"
        ]
      },
      "locked": {
        "lastModified": 1659394552,
        "narHash": "sha256-wf5jVtj/RZ0awr34Jeyl1dbpKWqszsTXbJFehboEm4w=",
        "owner": "ipetkov",
        "repo": "crane",
        "rev": "57448afcec5880a7d770857b4de4cfbe90808d8e",
        "type": "github"
      },
      "original": {
        "owner": "ipetkov",
        "repo": "crane",
        "type": "github"
      }
    },
    "direnv": {
      "flake": false,
      "locked": {
        "lastModified": 1658855716,
        "narHash": "sha256-YmvoSUgyfdEQNo/yCJ8+hqxBDvb7Xj4Qn6XrP83k87E=",
        "owner": "direnv",
        "repo": "direnv",
        "rev": "ad34d3949df60923df262adc13c2e9f5df3a13b3",
        "type": "github"
      },
      "original": {
        "owner": "direnv",
        "repo": "direnv",
        "type": "github"
      }
    },
    "fenix": {
      "inputs": {
        "nixpkgs": [
          "alejandra",
          "nixpkgs"
        ],
        "rust-analyzer-src": "rust-analyzer-src"
      },
      "locked": {
        "lastModified": 1657607339,
        "narHash": "sha256-HaqoAwlbVVZH2n4P3jN2FFPMpVuhxDy1poNOR7kzODc=",
        "owner": "nix-community",
        "repo": "fenix",
        "rev": "b814c83d9e6aa5a28d0cf356ecfdafb2505ad37d",
        "type": "github"
      },
      "original": {
        "owner": "nix-community",
        "repo": "fenix",
        "type": "github"
      }
    },
    "fenix_2": {
      "inputs": {
        "nixpkgs": [
          "lsd",
          "alejandra",
          "nixpkgs"
        ],
        "rust-analyzer-src": "rust-analyzer-src_2"
      },
      "locked": {
        "lastModified": 1657607339,
        "narHash": "sha256-HaqoAwlbVVZH2n4P3jN2FFPMpVuhxDy1poNOR7kzODc=",
        "owner": "nix-community",
        "repo": "fenix",
        "rev": "b814c83d9e6aa5a28d0cf356ecfdafb2505ad37d",
        "type": "github"
      },
      "original": {
        "owner": "nix-community",
        "repo": "fenix",
        "type": "github"
      }
    },
    "fenix_3": {
      "inputs": {
        "nixpkgs": [
          "statix",
          "nixpkgs"
        ],
        "rust-analyzer-src": "rust-analyzer-src_3"
      },
      "locked": {
        "lastModified": 1645251813,
        "narHash": "sha256-cQ66tGjnZclBCS3nD26mZ5fUH+3/HnysGffBiWXUSHk=",
        "owner": "nix-community",
        "repo": "fenix",
        "rev": "9892337b588c38ec59466a1c89befce464aae7f8",
        "type": "github"
      },
      "original": {
        "owner": "nix-community",
        "repo": "fenix",
        "type": "github"
      }
    },
    "flake-compat": {
      "flake": false,
      "locked": {
        "lastModified": 1650374568,
        "narHash": "sha256-Z+s0J8/r907g149rllvwhb4pKi8Wam5ij0st8PwAh+E=",
        "owner": "edolstra",
        "repo": "flake-compat",
        "rev": "b4a34015c698c7793d592d66adbab377907a2be8",
        "type": "github"
      },
      "original": {
        "owner": "edolstra",
        "repo": "flake-compat",
        "type": "github"
      }
    },
    "flake-utils": {
      "locked": {
        "lastModified": 1656928814,
        "narHash": "sha256-RIFfgBuKz6Hp89yRr7+NR5tzIAbn52h8vT6vXkYjZoM=",
        "owner": "numtide",
        "repo": "flake-utils",
        "rev": "7e2a3b3dfd9af950a856d66b0a7d01e3c18aa249",
        "type": "github"
      },
      "original": {
        "owner": "numtide",
        "repo": "flake-utils",
        "type": "github"
      }
    },
    "flake-utils_2": {
      "locked": {
        "lastModified": 1644229661,
        "narHash": "sha256-1YdnJAsNy69bpcjuoKdOYQX0YxZBiCYZo4Twxerqv7k=",
        "owner": "numtide",
        "repo": "flake-utils",
        "rev": "3cecb5b042f7f209c56ffd8371b2711a290ec797",
        "type": "github"
      },
      "original": {
        "owner": "numtide",
        "repo": "flake-utils",
        "type": "github"
      }
    },
    "flake-utils_3": {
      "locked": {
        "lastModified": 1656928814,
        "narHash": "sha256-RIFfgBuKz6Hp89yRr7+NR5tzIAbn52h8vT6vXkYjZoM=",
        "owner": "numtide",
        "repo": "flake-utils",
        "rev": "7e2a3b3dfd9af950a856d66b0a7d01e3c18aa249",
        "type": "github"
      },
      "original": {
        "owner": "numtide",
        "repo": "flake-utils",
        "type": "github"
      }
    },
    "flake-utils_4": {
      "locked": {
        "lastModified": 1656928814,
        "narHash": "sha256-RIFfgBuKz6Hp89yRr7+NR5tzIAbn52h8vT6vXkYjZoM=",
        "owner": "numtide",
        "repo": "flake-utils",
        "rev": "7e2a3b3dfd9af950a856d66b0a7d01e3c18aa249",
        "type": "github"
      },
      "original": {
        "owner": "numtide",
        "repo": "flake-utils",
        "type": "github"
      }
    },
    "flakeCompat": {
      "flake": false,
      "locked": {
        "lastModified": 1650374568,
        "narHash": "sha256-Z+s0J8/r907g149rllvwhb4pKi8Wam5ij0st8PwAh+E=",
        "owner": "edolstra",
        "repo": "flake-compat",
        "rev": "b4a34015c698c7793d592d66adbab377907a2be8",
        "type": "github"
      },
      "original": {
        "owner": "edolstra",
        "repo": "flake-compat",
        "type": "github"
      }
    },
    "flakeCompat_2": {
      "flake": false,
      "locked": {
        "lastModified": 1648199409,
        "narHash": "sha256-JwPKdC2PoVBkG6E+eWw3j6BMR6sL3COpYWfif7RVb8Y=",
        "owner": "edolstra",
        "repo": "flake-compat",
        "rev": "64a525ee38886ab9028e6f61790de0832aa3ef03",
        "type": "github"
      },
      "original": {
        "owner": "edolstra",
        "repo": "flake-compat",
        "type": "github"
      }
    },
    "flakeCompat_3": {
      "flake": false,
      "locked": {
        "lastModified": 1650374568,
        "narHash": "sha256-Z+s0J8/r907g149rllvwhb4pKi8Wam5ij0st8PwAh+E=",
        "owner": "edolstra",
        "repo": "flake-compat",
        "rev": "b4a34015c698c7793d592d66adbab377907a2be8",
        "type": "github"
      },
      "original": {
        "owner": "edolstra",
        "repo": "flake-compat",
        "type": "github"
      }
    },
    "flakeCompat_4": {
      "flake": false,
      "locked": {
        "lastModified": 1648199409,
        "narHash": "sha256-JwPKdC2PoVBkG6E+eWw3j6BMR6sL3COpYWfif7RVb8Y=",
        "owner": "edolstra",
        "repo": "flake-compat",
        "rev": "64a525ee38886ab9028e6f61790de0832aa3ef03",
        "type": "github"
      },
      "original": {
        "owner": "edolstra",
        "repo": "flake-compat",
        "type": "github"
      }
    },
    "flakeCompat_5": {
      "flake": false,
      "locked": {
        "lastModified": 1648199409,
        "narHash": "sha256-JwPKdC2PoVBkG6E+eWw3j6BMR6sL3COpYWfif7RVb8Y=",
        "owner": "edolstra",
        "repo": "flake-compat",
        "rev": "64a525ee38886ab9028e6f61790de0832aa3ef03",
        "type": "github"
      },
      "original": {
        "owner": "edolstra",
        "repo": "flake-compat",
        "type": "github"
      }
    },
    "gitignore": {
      "inputs": {
        "nixpkgs": [
          "statix",
          "nixpkgs"
        ]
      },
      "locked": {
        "lastModified": 1635165013,
        "narHash": "sha256-o/BdVjNwcB6jOmzZjOH703BesSkkS5O7ej3xhyO8hAY=",
        "owner": "hercules-ci",
        "repo": "gitignore.nix",
        "rev": "5b9e0ff9d3b551234b4f3eb3983744fa354b17f1",
        "type": "github"
      },
      "original": {
        "owner": "hercules-ci",
        "repo": "gitignore.nix",
        "type": "github"
      }
    },
    "home-manager": {
      "inputs": {
        "nixpkgs": [
          "nixpkgs"
        ],
        "utils": "utils"
      },
      "locked": {
        "lastModified": 1659978484,
        "narHash": "sha256-VkErPc8pXcuFQG7jkkaUOEMORe81oweRNlAYZJ2+aRI=",
        "owner": "nix-community",
        "repo": "home-manager",
        "rev": "c1addfdad3825f75a66f8d73ec7d2f68c78ba6f8",
        "type": "github"
      },
      "original": {
        "owner": "nix-community",
        "repo": "home-manager",
        "type": "github"
      }
    },
    "hyprland": {
      "inputs": {
        "nixpkgs": [
          "wayland",
          "nixpkgs"
        ],
        "wlroots": "wlroots"
      },
      "locked": {
        "lastModified": 1659740781,
        "narHash": "sha256-EiUkmG+6iwab3UEMcMBgd90OAsqk28vOdn/U0wUcElk=",
        "owner": "hyprwm",
        "repo": "hyprland",
        "rev": "ccd68049f727a52b59f8a432b132a16e683986e4",
        "type": "github"
      },
      "original": {
        "owner": "hyprwm",
        "repo": "hyprland",
        "type": "github"
      }
    },
    "lowdown-src": {
      "flake": false,
      "locked": {
        "lastModified": 1633514407,
        "narHash": "sha256-Dw32tiMjdK9t3ETl5fzGrutQTzh2rufgZV4A/BbxuD4=",
        "owner": "kristapsdz",
        "repo": "lowdown",
        "rev": "d2c2b44ff6c27b936ec27358a2653caaef8f73b8",
        "type": "github"
      },
      "original": {
        "owner": "kristapsdz",
        "repo": "lowdown",
        "type": "github"
      }
    },
    "lsd": {
      "inputs": {
        "alejandra": "alejandra_3",
        "crane": "crane",
        "nixpkgs": [
          "nixpkgs"
        ]
      },
      "locked": {
        "lastModified": 1659552314,
        "narHash": "sha256-I13ENBYbjprWqiboQisHtqTT5gQFhhbD7Dny5PL65UY=",
        "owner": "SignalWalker",
        "repo": "lsd",
        "rev": "9745e8a8fc960bdc40195cf592f23508cf60db36",
        "type": "github"
      },
      "original": {
        "owner": "SignalWalker",
        "repo": "lsd",
        "type": "github"
      }
    },
    "ml64": {
      "flake": false,
      "locked": {
        "lastModified": 1652200664,
        "narHash": "sha256-1VYDw+nXRU1QBAP3OIdgeNVHfil4FqjUcaSqU3iTokg=",
        "owner": "hylian-modding",
        "repo": "modloader64",
        "rev": "3cf506b83afca186210cc515f73d5e0d3d77e0eb",
        "type": "github"
      },
      "original": {
        "owner": "hylian-modding",
        "repo": "modloader64",
        "type": "github"
      }
    },
    "ml64-gui": {
      "flake": false,
      "locked": {
        "lastModified": 1603674922,
        "narHash": "sha256-c/m8QTOKGc7BXP9YYA1GZtStlwHjiEgxw7Cvm+/bb0o=",
        "owner": "hylian-modding",
        "repo": "modloader64-gui",
        "rev": "b9d830ae9d9ac48faa249e6b19676f8e7a806fbb",
        "type": "github"
      },
      "original": {
        "owner": "hylian-modding",
        "repo": "modloader64-gui",
        "type": "github"
      }
    },
    "ml64-platform-deps": {
      "flake": false,
      "locked": {
        "lastModified": 1648164143,
        "narHash": "sha256-9EOsWXqDYEstA+sZ/uJkRqqyk+eQIgaQYIFlH/b30dM=",
        "owner": "hylian-modding",
        "repo": "ModLoader64-Platform-Deps",
        "rev": "5ad2cbfdfa5020638d2af209b326f70f239fa99e",
        "type": "github"
      },
      "original": {
        "owner": "hylian-modding",
        "repo": "ModLoader64-Platform-Deps",
        "type": "github"
      }
    },
    "modloader64": {
      "inputs": {
        "alejandra": "alejandra_4",
        "ml64": "ml64",
        "ml64-gui": "ml64-gui",
        "ml64-platform-deps": "ml64-platform-deps",
        "nixpkgs": [
          "nixpkgs"
        ],
        "npm2nix": "npm2nix",
        "z64lib": "z64lib"
      },
      "locked": {
        "lastModified": 1653087297,
        "narHash": "sha256-LnWTYlUNvM36eaMKyoVFTryRSbfbsqt+68pQO2/GPhU=",
        "owner": "signalwalker",
        "repo": "modloader64.nix",
        "rev": "d9d9847aa9e29f66b7d99acbda43075be9698b49",
        "type": "github"
      },
      "original": {
        "owner": "signalwalker",
        "repo": "modloader64.nix",
        "type": "github"
      }
    },
    "mozilla": {
      "locked": {
        "lastModified": 1657214286,
        "narHash": "sha256-rO/4oymKXU09wG2bcTt4uthPCp1XsBZjxuCJo3yVXNs=",
        "owner": "mozilla",
        "repo": "nixpkgs-mozilla",
        "rev": "0508a66e28a5792fdfb126bbf4dec1029c2509e0",
        "type": "github"
      },
      "original": {
        "owner": "mozilla",
        "repo": "nixpkgs-mozilla",
        "type": "github"
      }
    },
    "naersk": {
      "inputs": {
        "nixpkgs": [
          "ash-scripts",
          "nixpkgs"
        ]
      },
      "locked": {
        "lastModified": 1652722411,
        "narHash": "sha256-FxzNgYiH9c91hUVAntcjrqY//KOTUPP2a4e8Wyuysxg=",
        "owner": "nix-community",
        "repo": "naersk",
        "rev": "94beb7a3edfeb3bcda65fa3f2ebc48ec6b40bf72",
        "type": "github"
      },
      "original": {
        "owner": "nix-community",
        "repo": "naersk",
        "type": "github"
      }
    },
    "naersk_2": {
      "inputs": {
        "nixpkgs": [
          "rnix-lsp",
          "nixpkgs"
        ]
      },
      "locked": {
        "lastModified": 1655042882,
        "narHash": "sha256-9BX8Fuez5YJlN7cdPO63InoyBy7dm3VlJkkmTt6fS1A=",
        "owner": "nix-community",
        "repo": "naersk",
        "rev": "cddffb5aa211f50c4b8750adbec0bbbdfb26bb9f",
        "type": "github"
      },
      "original": {
        "owner": "nix-community",
        "repo": "naersk",
        "type": "github"
      }
    },
    "naersk_3": {
      "inputs": {
        "nixpkgs": [
          "wired",
          "nixpkgs"
        ]
      },
      "locked": {
        "lastModified": 1652722411,
        "narHash": "sha256-FxzNgYiH9c91hUVAntcjrqY//KOTUPP2a4e8Wyuysxg=",
        "owner": "nix-community",
        "repo": "naersk",
        "rev": "94beb7a3edfeb3bcda65fa3f2ebc48ec6b40bf72",
        "type": "github"
      },
      "original": {
        "owner": "nix-community",
        "repo": "naersk",
        "type": "github"
      }
    },
    "neovim": {
      "inputs": {
        "flake-utils": "flake-utils_2",
        "nixpkgs": [
          "nixpkgs"
        ]
      },
      "locked": {
        "dir": "contrib",
        "lastModified": 1660223825,
        "narHash": "sha256-SSBrvtn02rl2dmD5LzdKC7jVMrJ4zNt9nDfZtTD79P8=",
        "owner": "neovim",
        "repo": "neovim",
        "rev": "8b67f37798d90da957801be791da9425fb6fe741",
        "type": "github"
      },
      "original": {
        "dir": "contrib",
        "owner": "neovim",
        "repo": "neovim",
        "type": "github"
      }
    },
    "nix": {
      "inputs": {
        "lowdown-src": "lowdown-src",
        "nixpkgs": [
          "nixpkgs"
        ],
        "nixpkgs-regression": "nixpkgs-regression"
      },
      "locked": {
        "lastModified": 1657886512,
        "narHash": "sha256-B9EyDUz/9tlcWwf24lwxCFmkxuPTVW7HFYvp0C4xGbc=",
        "owner": "nixos",
        "repo": "nix",
        "rev": "0b62dab6db3da5b20e62697b14aaaf80f1a2eea6",
        "type": "github"
      },
      "original": {
        "owner": "nixos",
        "ref": "latest-release",
        "repo": "nix",
        "type": "github"
      }
    },
    "nix-direnv": {
      "inputs": {
        "flake-utils": "flake-utils_3",
        "nixpkgs": [
          "nixpkgs"
        ]
      },
      "locked": {
        "lastModified": 1659867602,
        "narHash": "sha256-c9onwVZWI73Ud8Icd3jklZ8WgDGt7PPqdDiYFWKLx4A=",
        "owner": "nix-community",
        "repo": "nix-direnv",
        "rev": "b353b222c1624bc82fddbe7dc287a105354322c8",
        "type": "github"
      },
      "original": {
        "owner": "nix-community",
        "repo": "nix-direnv",
        "type": "github"
      }
    },
    "nixpkgs": {
      "locked": {
        "lastModified": 1660196186,
        "narHash": "sha256-A7GzG9HA7MJs/OQlg5F0jeHCv91PeQVTwjznVgYK2sM=",
        "owner": "nixos",
        "repo": "nixpkgs",
        "rev": "aaa1c973c8c189195e1b1a702d3b74dbcde91538",
        "type": "github"
      },
      "original": {
        "owner": "nixos",
        "ref": "nixpkgs-unstable",
        "repo": "nixpkgs",
        "type": "github"
      }
    },
    "nixpkgs-regression": {
      "locked": {
        "lastModified": 1643052045,
        "narHash": "sha256-uGJ0VXIhWKGXxkeNnq4TvV3CIOkUJ3PAoLZ3HMzNVMw=",
        "owner": "NixOS",
        "repo": "nixpkgs",
        "rev": "215d4d0fd80ca5163643b03a33fde804a29cc1e2",
        "type": "github"
      },
      "original": {
        "owner": "NixOS",
        "repo": "nixpkgs",
        "rev": "215d4d0fd80ca5163643b03a33fde804a29cc1e2",
        "type": "github"
      }
    },
    "npm2nix": {
      "locked": {
        "lastModified": 1648040270,
        "narHash": "sha256-HZU4h2J5gre5ASHynlln+KoK7wgtFjsqkzVVG2XsFXM=",
        "owner": "serokell",
        "repo": "nix-npm-buildpackage",
        "rev": "881f4bfa68e33cd0fb69e6b739fb92f8d0bbe37e",
        "type": "github"
      },
      "original": {
        "owner": "serokell",
        "repo": "nix-npm-buildpackage",
        "type": "github"
      }
    },
    "nvimpager": {
      "inputs": {
        "flake-utils": "flake-utils_4",
        "neovim": [
          "neovim"
        ],
        "nixpkgs": [
          "nixpkgs"
        ]
      },
      "locked": {
        "lastModified": 1659553277,
        "narHash": "sha256-e9IMC2EBeHx8kqsBi4hPRfVf9Anh0IxeDaCcuvDHFFA=",
        "owner": "lucc",
        "repo": "nvimpager",
        "rev": "f6acac255efce347fd755f2c9c2b0b9aa120d271",
        "type": "github"
      },
      "original": {
        "owner": "lucc",
        "repo": "nvimpager",
        "type": "github"
      }
    },
    "polybar-scripts": {
      "flake": false,
      "locked": {
        "lastModified": 1659341541,
        "narHash": "sha256-j7wnbsjLnghLetcOl8mzG19o3WzOfhH5SInMu7iEBBE=",
        "owner": "polybar",
        "repo": "polybar-scripts",
        "rev": "25d4ba24da20b6e7601aec7a39edf723f51c9a51",
        "type": "github"
      },
      "original": {
        "owner": "polybar",
        "repo": "polybar-scripts",
        "type": "github"
      }
    },
    "rnix-lsp": {
      "inputs": {
        "naersk": "naersk_2",
        "nixpkgs": [
          "nixpkgs"
        ],
        "utils": "utils_2"
      },
      "locked": {
        "lastModified": 1658963292,
        "narHash": "sha256-4OIpATLdPQvryyhRQPELeqNYC0n6PCyjD6LCPdwOztc=",
        "owner": "nix-community",
        "repo": "rnix-lsp",
        "rev": "ff18e04551a39ccdab0ff9c83926db3807b23478",
        "type": "github"
      },
      "original": {
        "owner": "nix-community",
        "repo": "rnix-lsp",
        "type": "github"
      }
    },
    "root": {
      "inputs": {
        "alejandra": "alejandra",
        "archive": "archive",
        "ash-scripts": "ash-scripts",
        "direnv": "direnv",
        "home-manager": "home-manager",
        "lsd": "lsd",
        "modloader64": "modloader64",
        "mozilla": "mozilla",
        "neovim": "neovim",
        "nix": "nix",
        "nix-direnv": "nix-direnv",
        "nixpkgs": "nixpkgs",
        "nvimpager": "nvimpager",
        "polybar-scripts": "polybar-scripts",
        "rnix-lsp": "rnix-lsp",
        "statix": "statix",
        "wayland": "wayland",
        "wired": "wired",
        "zeal": "zeal"
      }
    },
    "rust-analyzer-src": {
      "flake": false,
      "locked": {
        "lastModified": 1657557289,
        "narHash": "sha256-PRW+nUwuqNTRAEa83SfX+7g+g8nQ+2MMbasQ9nt6+UM=",
        "owner": "rust-lang",
        "repo": "rust-analyzer",
        "rev": "caf23f29144b371035b864a1017dbc32573ad56d",
        "type": "github"
      },
      "original": {
        "owner": "rust-lang",
        "ref": "nightly",
        "repo": "rust-analyzer",
        "type": "github"
      }
    },
    "rust-analyzer-src_2": {
      "flake": false,
      "locked": {
        "lastModified": 1657557289,
        "narHash": "sha256-PRW+nUwuqNTRAEa83SfX+7g+g8nQ+2MMbasQ9nt6+UM=",
        "owner": "rust-lang",
        "repo": "rust-analyzer",
        "rev": "caf23f29144b371035b864a1017dbc32573ad56d",
        "type": "github"
      },
      "original": {
        "owner": "rust-lang",
        "ref": "nightly",
        "repo": "rust-analyzer",
        "type": "github"
      }
    },
    "rust-analyzer-src_3": {
      "flake": false,
      "locked": {
        "lastModified": 1645205556,
        "narHash": "sha256-e4lZW3qRyOEJ+vLKFQP7m2Dxh5P44NrnekZYLxlucww=",
        "owner": "rust-analyzer",
        "repo": "rust-analyzer",
        "rev": "acf5874b39f3dc5262317a6074d9fc7285081161",
        "type": "github"
      },
      "original": {
        "owner": "rust-analyzer",
        "ref": "nightly",
        "repo": "rust-analyzer",
        "type": "github"
      }
    },
    "statix": {
      "inputs": {
        "fenix": "fenix_3",
        "gitignore": "gitignore",
        "nixpkgs": [
          "nixpkgs"
        ]
      },
      "locked": {
        "lastModified": 1657460333,
        "narHash": "sha256-5o6zMBASEsGKtjKDb3SizJnN9A7qpOcbzWBXsacfMyc=",
        "owner": "nerdypepper",
        "repo": "statix",
        "rev": "6422c959d365dee2fda5eda8858fefad31f17b25",
        "type": "github"
      },
      "original": {
        "owner": "nerdypepper",
        "repo": "statix",
        "type": "github"
      }
    },
    "utils": {
      "locked": {
        "lastModified": 1653893745,
        "narHash": "sha256-0jntwV3Z8//YwuOjzhV2sgJJPt+HY6KhU7VZUL0fKZQ=",
        "owner": "numtide",
        "repo": "flake-utils",
        "rev": "1ed9fb1935d260de5fe1c2f7ee0ebaae17ed2fa1",
        "type": "github"
      },
      "original": {
        "owner": "numtide",
        "repo": "flake-utils",
        "type": "github"
      }
    },
    "utils_2": {
      "locked": {
        "lastModified": 1656928814,
        "narHash": "sha256-RIFfgBuKz6Hp89yRr7+NR5tzIAbn52h8vT6vXkYjZoM=",
        "owner": "numtide",
        "repo": "flake-utils",
        "rev": "7e2a3b3dfd9af950a856d66b0a7d01e3c18aa249",
        "type": "github"
      },
      "original": {
        "owner": "numtide",
        "repo": "flake-utils",
        "type": "github"
      }
    },
    "utils_3": {
      "locked": {
        "lastModified": 1652776076,
        "narHash": "sha256-gzTw/v1vj4dOVbpBSJX4J0DwUR6LIyXo7/SuuTJp1kM=",
        "owner": "numtide",
        "repo": "flake-utils",
        "rev": "04c1b180862888302ddfb2e3ad9eaa63afc60cf8",
        "type": "github"
      },
      "original": {
        "owner": "numtide",
        "repo": "flake-utils",
        "type": "github"
      }
    },
    "wayland": {
      "inputs": {
        "alejandra": [
          "alejandra"
        ],
        "hyprland": "hyprland",
        "nixpkgs": [
          "nixpkgs"
        ]
      },
      "locked": {
        "lastModified": 1660069503,
        "narHash": "sha256-eTeW9U/fSKOztigAKmRYTvaPQDc8KL9Zx5wFN7d1Nrw=",
        "owner": "signalwalker",
        "repo": "hm-wayland",
        "rev": "0f4f9df1632240fe4f018bdd85207841c1e35b4a",
        "type": "github"
      },
      "original": {
        "owner": "signalwalker",
        "repo": "hm-wayland",
        "type": "github"
      }
    },
    "wired": {
      "inputs": {
        "alejandra": "alejandra_5",
        "naersk": "naersk_3",
        "nixpkgs": [
          "nixpkgs"
        ],
        "utils": "utils_3"
      },
      "locked": {
        "lastModified": 1659946743,
        "narHash": "sha256-ddne3/DCmW7f/Mo4MCLuMBblt0djUVnXk53CZSaia+4=",
        "owner": "Toqozz",
        "repo": "wired-notify",
        "rev": "3c43c27ac135a58a0b190827601bf9722cd96c1e",
        "type": "github"
      },
      "original": {
        "owner": "Toqozz",
        "repo": "wired-notify",
        "type": "github"
      }
    },
    "wlroots": {
      "flake": false,
      "locked": {
        "host": "gitlab.freedesktop.org",
        "lastModified": 1659522923,
        "narHash": "sha256-dT651//smG3TW1IW0vgdOONNZJAdN+h/qKWbEjgf6HE=",
        "owner": "wlroots",
        "repo": "wlroots",
        "rev": "b24b50ec0c1c54a14acf34df2c95b37043d15b49",
        "type": "gitlab"
      },
      "original": {
        "host": "gitlab.freedesktop.org",
        "owner": "wlroots",
        "repo": "wlroots",
        "type": "gitlab"
      }
    },
    "z64lib": {
      "flake": false,
      "locked": {
        "lastModified": 1652330848,
        "narHash": "sha256-EgndDMlQiFIQN0LiJKPR2WX+Y0rXG7MhsL57L+p0GzE=",
        "owner": "hylian-modding",
        "repo": "ML64-Z64Lib",
        "rev": "ab189779e081e9b5b5ba9d1de2bc7a4ffd34495e",
        "type": "github"
      },
      "original": {
        "owner": "hylian-modding",
        "repo": "ML64-Z64Lib",
        "type": "github"
      }
    },
    "zeal": {
      "inputs": {
        "alejandra": [
          "alejandra"
        ],
        "nixpkgs": [
          "nixpkgs"
        ]
      },
      "locked": {
        "lastModified": 1659630159,
        "narHash": "sha256-bIyrp7FqfrtCQfehWqrAKIzFdd1nRi3OUQIsHc2a48E=",
        "owner": "signalwalker",
        "repo": "hm-zeal",
        "rev": "49b4b9388d0f025677f801fdea904daac0669371",
        "type": "github"
      },
      "original": {
        "owner": "signalwalker",
        "repo": "hm-zeal",
        "type": "github"
      }
    }
  },
  "root": "root",
  "version": 7
}
